PODS:
  - QRCoder (1.1.0)
  - Toast (4.0.0)

DEPENDENCIES:
  - QRCoder
  - Toast (~> 4.0.0)

SPEC REPOS:
  trunk:
    - QRCoder
    - Toast

SPEC CHECKSUMS:
  QRCoder: cbd2bee531cc86d286df7942334cfed94c803ae4
  Toast: 91b396c56ee72a5790816f40d3a94dd357abc196

PODFILE CHECKSUM: 192825df7c722e59e97801a1b8f934d8a281f09d

COCOAPODS: 1.10.1
