// !$*UTF8*$!
{
	archiveVersion = 1;
	classes = {
	};
	objectVersion = 51;
	objects = {

/* Begin PBXBuildFile section */
		078F3F560A8C14399A141867 /* Pods_QRcodeGenerator.framework in Frameworks */ = {isa = PBXBuildFile; fileRef = 337168B82780C57C26BD1197 /* Pods_QRcodeGenerator.framework */; };
		2E9FC18D4BA3092A27A3D33A /* Pods_QRcodeGeneratorTests.framework in Frameworks */ = {isa = PBXBuildFile; fileRef = 4C7471A3A0D8222FCB9CC883 /* Pods_QRcodeGeneratorTests.framework */; };
		76BEEBB726259B7100642001 /* ColorCell.swift in Sources */ = {isa = PBXBuildFile; fileRef = 76BEEBB626259B7100642001 /* ColorCell.swift */; };
		76BEEBBC26259B9B00642001 /* BorderStyleCell.swift in Sources */ = {isa = PBXBuildFile; fileRef = 76BEEBBB26259B9B00642001 /* BorderStyleCell.swift */; };
		76ECD33A26720CBC002BC6D7 /* Localizable.strings in Resources */ = {isa = PBXBuildFile; fileRef = 76ECD33C26720CBC002BC6D7 /* Localizable.strings */; };
		76ECD34026720F6A002BC6D7 /* GlobalExtensions.swift in Sources */ = {isa = PBXBuildFile; fileRef = 76ECD33F26720F6A002BC6D7 /* GlobalExtensions.swift */; };
		8E640DC22528B873007FA9A0 /* AppDelegate.swift in Sources */ = {isa = PBXBuildFile; fileRef = 8E640DC12528B873007FA9A0 /* AppDelegate.swift */; };
		8E640DC42528B873007FA9A0 /* SceneDelegate.swift in Sources */ = {isa = PBXBuildFile; fileRef = 8E640DC32528B873007FA9A0 /* SceneDelegate.swift */; };
		8E640DC62528B873007FA9A0 /* ViewController.swift in Sources */ = {isa = PBXBuildFile; fileRef = 8E640DC52528B873007FA9A0 /* ViewController.swift */; };
		8E640DC92528B873007FA9A0 /* Main.storyboard in Resources */ = {isa = PBXBuildFile; fileRef = 8E640DC72528B873007FA9A0 /* Main.storyboard */; };
		8E640DCB2528B873007FA9A0 /* Assets.xcassets in Resources */ = {isa = PBXBuildFile; fileRef = 8E640DCA2528B873007FA9A0 /* Assets.xcassets */; };
		8E640DCE2528B873007FA9A0 /* LaunchScreen.storyboard in Resources */ = {isa = PBXBuildFile; fileRef = 8E640DCC2528B873007FA9A0 /* LaunchScreen.storyboard */; };
		8E640DD92528B874007FA9A0 /* QRcodeGeneratorTests.swift in Sources */ = {isa = PBXBuildFile; fileRef = 8E640DD82528B874007FA9A0 /* QRcodeGeneratorTests.swift */; };
		8E640DE42528B874007FA9A0 /* QRcodeGeneratorUITests.swift in Sources */ = {isa = PBXBuildFile; fileRef = 8E640DE32528B874007FA9A0 /* QRcodeGeneratorUITests.swift */; };
		8EC308A5252FA52E00CD6A2E /* CreditViewController.swift in Sources */ = {isa = PBXBuildFile; fileRef = 8EC308A4252FA52E00CD6A2E /* CreditViewController.swift */; };
		D51ECC7135AA44FD2C42AC61 /* Pods_QRcodeGenerator_QRcodeGeneratorUITests.framework in Frameworks */ = {isa = PBXBuildFile; fileRef = 8EF5BEBA8430710F90F8D66D /* Pods_QRcodeGenerator_QRcodeGeneratorUITests.framework */; };
/* End PBXBuildFile section */

/* Begin PBXContainerItemProxy section */
		8E640DD52528B873007FA9A0 /* PBXContainerItemProxy */ = {
			isa = PBXContainerItemProxy;
			containerPortal = 8E640DB62528B872007FA9A0 /* Project object */;
			proxyType = 1;
			remoteGlobalIDString = 8E640DBD2528B872007FA9A0;
			remoteInfo = QRcodeGenerator;
		};
		8E640DE02528B874007FA9A0 /* PBXContainerItemProxy */ = {
			isa = PBXContainerItemProxy;
			containerPortal = 8E640DB62528B872007FA9A0 /* Project object */;
			proxyType = 1;
			remoteGlobalIDString = 8E640DBD2528B872007FA9A0;
			remoteInfo = QRcodeGenerator;
		};
/* End PBXContainerItemProxy section */

/* Begin PBXFileReference section */
		2010B7ECD009931D860ABC09 /* Pods-QRcodeGeneratorTests.debug.xcconfig */ = {isa = PBXFileReference; includeInIndex = 1; lastKnownFileType = text.xcconfig; name = "Pods-QRcodeGeneratorTests.debug.xcconfig"; path = "Target Support Files/Pods-QRcodeGeneratorTests/Pods-QRcodeGeneratorTests.debug.xcconfig"; sourceTree = "<group>"; };
		2E7757E988EE7AF3EF954B12 /* Pods-QRcodeGenerator-QRcodeGeneratorUITests.debug.xcconfig */ = {isa = PBXFileReference; includeInIndex = 1; lastKnownFileType = text.xcconfig; name = "Pods-QRcodeGenerator-QRcodeGeneratorUITests.debug.xcconfig"; path = "Target Support Files/Pods-QRcodeGenerator-QRcodeGeneratorUITests/Pods-QRcodeGenerator-QRcodeGeneratorUITests.debug.xcconfig"; sourceTree = "<group>"; };
		337168B82780C57C26BD1197 /* Pods_QRcodeGenerator.framework */ = {isa = PBXFileReference; explicitFileType = wrapper.framework; includeInIndex = 0; path = Pods_QRcodeGenerator.framework; sourceTree = BUILT_PRODUCTS_DIR; };
		4C7471A3A0D8222FCB9CC883 /* Pods_QRcodeGeneratorTests.framework */ = {isa = PBXFileReference; explicitFileType = wrapper.framework; includeInIndex = 0; path = Pods_QRcodeGeneratorTests.framework; sourceTree = BUILT_PRODUCTS_DIR; };
		76BEEBB626259B7100642001 /* ColorCell.swift */ = {isa = PBXFileReference; lastKnownFileType = sourcecode.swift; path = ColorCell.swift; sourceTree = "<group>"; };
		76BEEBBB26259B9B00642001 /* BorderStyleCell.swift */ = {isa = PBXFileReference; lastKnownFileType = sourcecode.swift; path = BorderStyleCell.swift; sourceTree = "<group>"; };
		76ECD334267209CB002BC6D7 /* ko-KR */ = {isa = PBXFileReference; lastKnownFileType = text.plist.strings; name = "ko-KR"; path = "ko-KR.lproj/Main.strings"; sourceTree = "<group>"; };
		76ECD335267209CC002BC6D7 /* ko-KR */ = {isa = PBXFileReference; lastKnownFileType = text.plist.strings; name = "ko-KR"; path = "ko-KR.lproj/LaunchScreen.strings"; sourceTree = "<group>"; };
		76ECD33626720A03002BC6D7 /* ja */ = {isa = PBXFileReference; lastKnownFileType = text.plist.strings; name = ja; path = ja.lproj/Main.strings; sourceTree = "<group>"; };
		76ECD33726720A04002BC6D7 /* ja */ = {isa = PBXFileReference; lastKnownFileType = text.plist.strings; name = ja; path = ja.lproj/LaunchScreen.strings; sourceTree = "<group>"; };
		76ECD33B26720CBC002BC6D7 /* ja */ = {isa = PBXFileReference; lastKnownFileType = text.plist.strings; name = ja; path = ja.lproj/Localizable.strings; sourceTree = "<group>"; };
		76ECD33D26720CCE002BC6D7 /* ko-KR */ = {isa = PBXFileReference; lastKnownFileType = text.plist.strings; name = "ko-KR"; path = "ko-KR.lproj/Localizable.strings"; sourceTree = "<group>"; };
		76ECD33E26720CCE002BC6D7 /* en */ = {isa = PBXFileReference; lastKnownFileType = text.plist.strings; name = en; path = en.lproj/Localizable.strings; sourceTree = "<group>"; };
		76ECD33F26720F6A002BC6D7 /* GlobalExtensions.swift */ = {isa = PBXFileReference; lastKnownFileType = sourcecode.swift; path = GlobalExtensions.swift; sourceTree = "<group>"; };
		8D2E86AE9F1E93D5DC42915F /* Pods-QRcodeGenerator.release.xcconfig */ = {isa = PBXFileReference; includeInIndex = 1; lastKnownFileType = text.xcconfig; name = "Pods-QRcodeGenerator.release.xcconfig"; path = "Target Support Files/Pods-QRcodeGenerator/Pods-QRcodeGenerator.release.xcconfig"; sourceTree = "<group>"; };
		8E640DBE2528B872007FA9A0 /* QRcodeGenerator.app */ = {isa = PBXFileReference; explicitFileType = wrapper.application; includeInIndex = 0; path = QRcodeGenerator.app; sourceTree = BUILT_PRODUCTS_DIR; };
		8E640DC12528B873007FA9A0 /* AppDelegate.swift */ = {isa = PBXFileReference; lastKnownFileType = sourcecode.swift; path = AppDelegate.swift; sourceTree = "<group>"; };
		8E640DC32528B873007FA9A0 /* SceneDelegate.swift */ = {isa = PBXFileReference; lastKnownFileType = sourcecode.swift; path = SceneDelegate.swift; sourceTree = "<group>"; };
		8E640DC52528B873007FA9A0 /* ViewController.swift */ = {isa = PBXFileReference; lastKnownFileType = sourcecode.swift; path = ViewController.swift; sourceTree = "<group>"; };
		8E640DC82528B873007FA9A0 /* Base */ = {isa = PBXFileReference; lastKnownFileType = file.storyboard; name = Base; path = Base.lproj/Main.storyboard; sourceTree = "<group>"; };
		8E640DCA2528B873007FA9A0 /* Assets.xcassets */ = {isa = PBXFileReference; lastKnownFileType = folder.assetcatalog; path = Assets.xcassets; sourceTree = "<group>"; };
		8E640DCD2528B873007FA9A0 /* Base */ = {isa = PBXFileReference; lastKnownFileType = file.storyboard; name = Base; path = Base.lproj/LaunchScreen.storyboard; sourceTree = "<group>"; };
		8E640DCF2528B873007FA9A0 /* Info.plist */ = {isa = PBXFileReference; lastKnownFileType = text.plist.xml; path = Info.plist; sourceTree = "<group>"; };
		8E640DD42528B873007FA9A0 /* QRcodeGeneratorTests.xctest */ = {isa = PBXFileReference; explicitFileType = wrapper.cfbundle; includeInIndex = 0; path = QRcodeGeneratorTests.xctest; sourceTree = BUILT_PRODUCTS_DIR; };
		8E640DD82528B874007FA9A0 /* QRcodeGeneratorTests.swift */ = {isa = PBXFileReference; lastKnownFileType = sourcecode.swift; path = QRcodeGeneratorTests.swift; sourceTree = "<group>"; };
		8E640DDA2528B874007FA9A0 /* Info.plist */ = {isa = PBXFileReference; lastKnownFileType = text.plist.xml; path = Info.plist; sourceTree = "<group>"; };
		8E640DDF2528B874007FA9A0 /* QRcodeGeneratorUITests.xctest */ = {isa = PBXFileReference; explicitFileType = wrapper.cfbundle; includeInIndex = 0; path = QRcodeGeneratorUITests.xctest; sourceTree = BUILT_PRODUCTS_DIR; };
		8E640DE32528B874007FA9A0 /* QRcodeGeneratorUITests.swift */ = {isa = PBXFileReference; lastKnownFileType = sourcecode.swift; path = QRcodeGeneratorUITests.swift; sourceTree = "<group>"; };
		8E640DE52528B874007FA9A0 /* Info.plist */ = {isa = PBXFileReference; lastKnownFileType = text.plist.xml; path = Info.plist; sourceTree = "<group>"; };
		8EC308A4252FA52E00CD6A2E /* CreditViewController.swift */ = {isa = PBXFileReference; lastKnownFileType = sourcecode.swift; path = CreditViewController.swift; sourceTree = "<group>"; };
		8EF5BEBA8430710F90F8D66D /* Pods_QRcodeGenerator_QRcodeGeneratorUITests.framework */ = {isa = PBXFileReference; explicitFileType = wrapper.framework; includeInIndex = 0; path = Pods_QRcodeGenerator_QRcodeGeneratorUITests.framework; sourceTree = BUILT_PRODUCTS_DIR; };
		97B427F4277FA9D1C15B48AC /* Pods-QRcodeGenerator.debug.xcconfig */ = {isa = PBXFileReference; includeInIndex = 1; lastKnownFileType = text.xcconfig; name = "Pods-QRcodeGenerator.debug.xcconfig"; path = "Target Support Files/Pods-QRcodeGenerator/Pods-QRcodeGenerator.debug.xcconfig"; sourceTree = "<group>"; };
		C500231809B3B0C872B2533B /* Pods-QRcodeGenerator-QRcodeGeneratorUITests.release.xcconfig */ = {isa = PBXFileReference; includeInIndex = 1; lastKnownFileType = text.xcconfig; name = "Pods-QRcodeGenerator-QRcodeGeneratorUITests.release.xcconfig"; path = "Target Support Files/Pods-QRcodeGenerator-QRcodeGeneratorUITests/Pods-QRcodeGenerator-QRcodeGeneratorUITests.release.xcconfig"; sourceTree = "<group>"; };
		D2BAC88842376F9B96BC8D4B /* Pods-QRcodeGeneratorTests.release.xcconfig */ = {isa = PBXFileReference; includeInIndex = 1; lastKnownFileType = text.xcconfig; name = "Pods-QRcodeGeneratorTests.release.xcconfig"; path = "Target Support Files/Pods-QRcodeGeneratorTests/Pods-QRcodeGeneratorTests.release.xcconfig"; sourceTree = "<group>"; };
/* End PBXFileReference section */

/* Begin PBXFrameworksBuildPhase section */
		8E640DBB2528B872007FA9A0 /* Frameworks */ = {
			isa = PBXFrameworksBuildPhase;
			buildActionMask = 2147483647;
			files = (
				078F3F560A8C14399A141867 /* Pods_QRcodeGenerator.framework in Frameworks */,
			);
			runOnlyForDeploymentPostprocessing = 0;
		};
		8E640DD12528B873007FA9A0 /* Frameworks */ = {
			isa = PBXFrameworksBuildPhase;
			buildActionMask = 2147483647;
			files = (
				2E9FC18D4BA3092A27A3D33A /* Pods_QRcodeGeneratorTests.framework in Frameworks */,
			);
			runOnlyForDeploymentPostprocessing = 0;
		};
		8E640DDC2528B874007FA9A0 /* Frameworks */ = {
			isa = PBXFrameworksBuildPhase;
			buildActionMask = 2147483647;
			files = (
				D51ECC7135AA44FD2C42AC61 /* Pods_QRcodeGenerator_QRcodeGeneratorUITests.framework in Frameworks */,
			);
			runOnlyForDeploymentPostprocessing = 0;
		};
/* End PBXFrameworksBuildPhase section */

/* Begin PBXGroup section */
		4190E5E71BA621245F964DEE /* Pods */ = {
			isa = PBXGroup;
			children = (
				97B427F4277FA9D1C15B48AC /* Pods-QRcodeGenerator.debug.xcconfig */,
				8D2E86AE9F1E93D5DC42915F /* Pods-QRcodeGenerator.release.xcconfig */,
				2E7757E988EE7AF3EF954B12 /* Pods-QRcodeGenerator-QRcodeGeneratorUITests.debug.xcconfig */,
				C500231809B3B0C872B2533B /* Pods-QRcodeGenerator-QRcodeGeneratorUITests.release.xcconfig */,
				2010B7ECD009931D860ABC09 /* Pods-QRcodeGeneratorTests.debug.xcconfig */,
				D2BAC88842376F9B96BC8D4B /* Pods-QRcodeGeneratorTests.release.xcconfig */,
			);
			path = Pods;
			sourceTree = "<group>";
		};
		76ECD341267214F1002BC6D7 /* View */ = {
			isa = PBXGroup;
			children = (
				8E640DC72528B873007FA9A0 /* Main.storyboard */,
				8E640DCC2528B873007FA9A0 /* LaunchScreen.storyboard */,
			);
			path = View;
			sourceTree = "<group>";
		};
		76ECD342267214FD002BC6D7 /* Model */ = {
			isa = PBXGroup;
			children = (
				76ECD33F26720F6A002BC6D7 /* GlobalExtensions.swift */,
				76ECD33C26720CBC002BC6D7 /* Localizable.strings */,
			);
			path = Model;
			sourceTree = "<group>";
		};
		76ECD34326721506002BC6D7 /* Controller */ = {
			isa = PBXGroup;
			children = (
				8E640DC52528B873007FA9A0 /* ViewController.swift */,
				76BEEBBB26259B9B00642001 /* BorderStyleCell.swift */,
				8EC308A4252FA52E00CD6A2E /* CreditViewController.swift */,
			);
			path = Controller;
			sourceTree = "<group>";
		};
		8E640DB52528B872007FA9A0 = {
			isa = PBXGroup;
			children = (
				8E640DC02528B872007FA9A0 /* QRcodeGenerator */,
				8E640DD72528B874007FA9A0 /* QRcodeGeneratorTests */,
				8E640DE22528B874007FA9A0 /* QRcodeGeneratorUITests */,
				8E640DBF2528B872007FA9A0 /* Products */,
				4190E5E71BA621245F964DEE /* Pods */,
				C6925E494DD57659AB629327 /* Frameworks */,
			);
			sourceTree = "<group>";
		};
		8E640DBF2528B872007FA9A0 /* Products */ = {
			isa = PBXGroup;
			children = (
				8E640DBE2528B872007FA9A0 /* QRcodeGenerator.app */,
				8E640DD42528B873007FA9A0 /* QRcodeGeneratorTests.xctest */,
				8E640DDF2528B874007FA9A0 /* QRcodeGeneratorUITests.xctest */,
			);
			name = Products;
			sourceTree = "<group>";
		};
		8E640DC02528B872007FA9A0 /* QRcodeGenerator */ = {
			isa = PBXGroup;
			children = (
				76ECD342267214FD002BC6D7 /* Model */,
				76ECD341267214F1002BC6D7 /* View */,
				76ECD34326721506002BC6D7 /* Controller */,
				8E640DC12528B873007FA9A0 /* AppDelegate.swift */,
				8E640DC32528B873007FA9A0 /* SceneDelegate.swift */,
				8E640DCA2528B873007FA9A0 /* Assets.xcassets */,
				8E640DCF2528B873007FA9A0 /* Info.plist */,
				76BEEBB626259B7100642001 /* ColorCell.swift */,
			);
			path = QRcodeGenerator;
			sourceTree = "<group>";
		};
		8E640DD72528B874007FA9A0 /* QRcodeGeneratorTests */ = {
			isa = PBXGroup;
			children = (
				8E640DD82528B874007FA9A0 /* QRcodeGeneratorTests.swift */,
				8E640DDA2528B874007FA9A0 /* Info.plist */,
			);
			path = QRcodeGeneratorTests;
			sourceTree = "<group>";
		};
		8E640DE22528B874007FA9A0 /* QRcodeGeneratorUITests */ = {
			isa = PBXGroup;
			children = (
				8E640DE32528B874007FA9A0 /* QRcodeGeneratorUITests.swift */,
				8E640DE52528B874007FA9A0 /* Info.plist */,
			);
			path = QRcodeGeneratorUITests;
			sourceTree = "<group>";
		};
		C6925E494DD57659AB629327 /* Frameworks */ = {
			isa = PBXGroup;
			children = (
				337168B82780C57C26BD1197 /* Pods_QRcodeGenerator.framework */,
				8EF5BEBA8430710F90F8D66D /* Pods_QRcodeGenerator_QRcodeGeneratorUITests.framework */,
				4C7471A3A0D8222FCB9CC883 /* Pods_QRcodeGeneratorTests.framework */,
			);
			name = Frameworks;
			sourceTree = "<group>";
		};
/* End PBXGroup section */

/* Begin PBXNativeTarget section */
		8E640DBD2528B872007FA9A0 /* QRcodeGenerator */ = {
			isa = PBXNativeTarget;
			buildConfigurationList = 8E640DE82528B874007FA9A0 /* Build configuration list for PBXNativeTarget "QRcodeGenerator" */;
			buildPhases = (
				2633282A86E0BEC1CF5DFEE6 /* [CP] Check Pods Manifest.lock */,
				8E640DBA2528B872007FA9A0 /* Sources */,
				8E640DBB2528B872007FA9A0 /* Frameworks */,
				8E640DBC2528B872007FA9A0 /* Resources */,
				FFFD3F098B40F19E9C9C5933 /* [CP] Embed Pods Frameworks */,
			);
			buildRules = (
			);
			dependencies = (
			);
			name = QRcodeGenerator;
			productName = QRcodeGenerator;
			productReference = 8E640DBE2528B872007FA9A0 /* QRcodeGenerator.app */;
			productType = "com.apple.product-type.application";
		};
		8E640DD32528B873007FA9A0 /* QRcodeGeneratorTests */ = {
			isa = PBXNativeTarget;
			buildConfigurationList = 8E640DEB2528B874007FA9A0 /* Build configuration list for PBXNativeTarget "QRcodeGeneratorTests" */;
			buildPhases = (
				68C23919AC69C5929B1B52A2 /* [CP] Check Pods Manifest.lock */,
				8E640DD02528B873007FA9A0 /* Sources */,
				8E640DD12528B873007FA9A0 /* Frameworks */,
				8E640DD22528B873007FA9A0 /* Resources */,
			);
			buildRules = (
			);
			dependencies = (
				8E640DD62528B873007FA9A0 /* PBXTargetDependency */,
			);
			name = QRcodeGeneratorTests;
			productName = QRcodeGeneratorTests;
			productReference = 8E640DD42528B873007FA9A0 /* QRcodeGeneratorTests.xctest */;
			productType = "com.apple.product-type.bundle.unit-test";
		};
		8E640DDE2528B874007FA9A0 /* QRcodeGeneratorUITests */ = {
			isa = PBXNativeTarget;
			buildConfigurationList = 8E640DEE2528B874007FA9A0 /* Build configuration list for PBXNativeTarget "QRcodeGeneratorUITests" */;
			buildPhases = (
				0D50B7C4E0C31D101A27344F /* [CP] Check Pods Manifest.lock */,
				8E640DDB2528B874007FA9A0 /* Sources */,
				8E640DDC2528B874007FA9A0 /* Frameworks */,
				8E640DDD2528B874007FA9A0 /* Resources */,
				727F51D089EC4BFB4A8BA727 /* [CP] Embed Pods Frameworks */,
			);
			buildRules = (
			);
			dependencies = (
				8E640DE12528B874007FA9A0 /* PBXTargetDependency */,
			);
			name = QRcodeGeneratorUITests;
			productName = QRcodeGeneratorUITests;
			productReference = 8E640DDF2528B874007FA9A0 /* QRcodeGeneratorUITests.xctest */;
			productType = "com.apple.product-type.bundle.ui-testing";
		};
/* End PBXNativeTarget section */

/* Begin PBXProject section */
		8E640DB62528B872007FA9A0 /* Project object */ = {
			isa = PBXProject;
			attributes = {
				LastSwiftUpdateCheck = 1200;
				LastUpgradeCheck = 1200;
				TargetAttributes = {
					8E640DBD2528B872007FA9A0 = {
						CreatedOnToolsVersion = 12.0;
					};
					8E640DD32528B873007FA9A0 = {
						CreatedOnToolsVersion = 12.0;
						TestTargetID = 8E640DBD2528B872007FA9A0;
					};
					8E640DDE2528B874007FA9A0 = {
						CreatedOnToolsVersion = 12.0;
						TestTargetID = 8E640DBD2528B872007FA9A0;
					};
				};
			};
			buildConfigurationList = 8E640DB92528B872007FA9A0 /* Build configuration list for PBXProject "QRcodeGenerator" */;
			compatibilityVersion = "Xcode 9.3";
			developmentRegion = en;
			hasScannedForEncodings = 0;
			knownRegions = (
				en,
				Base,
				"ko-KR",
				ja,
			);
			mainGroup = 8E640DB52528B872007FA9A0;
			productRefGroup = 8E640DBF2528B872007FA9A0 /* Products */;
			projectDirPath = "";
			projectRoot = "";
			targets = (
				8E640DBD2528B872007FA9A0 /* QRcodeGenerator */,
				8E640DD32528B873007FA9A0 /* QRcodeGeneratorTests */,
				8E640DDE2528B874007FA9A0 /* QRcodeGeneratorUITests */,
			);
		};
/* End PBXProject section */

/* Begin PBXResourcesBuildPhase section */
		8E640DBC2528B872007FA9A0 /* Resources */ = {
			isa = PBXResourcesBuildPhase;
			buildActionMask = 2147483647;
			files = (
				8E640DCE2528B873007FA9A0 /* LaunchScreen.storyboard in Resources */,
				76ECD33A26720CBC002BC6D7 /* Localizable.strings in Resources */,
				8E640DCB2528B873007FA9A0 /* Assets.xcassets in Resources */,
				8E640DC92528B873007FA9A0 /* Main.storyboard in Resources */,
			);
			runOnlyForDeploymentPostprocessing = 0;
		};
		8E640DD22528B873007FA9A0 /* Resources */ = {
			isa = PBXResourcesBuildPhase;
			buildActionMask = 2147483647;
			files = (
			);
			runOnlyForDeploymentPostprocessing = 0;
		};
		8E640DDD2528B874007FA9A0 /* Resources */ = {
			isa = PBXResourcesBuildPhase;
			buildActionMask = 2147483647;
			files = (
			);
			runOnlyForDeploymentPostprocessing = 0;
		};
/* End PBXResourcesBuildPhase section */

/* Begin PBXShellScriptBuildPhase section */
		0D50B7C4E0C31D101A27344F /* [CP] Check Pods Manifest.lock */ = {
			isa = PBXShellScriptBuildPhase;
			buildActionMask = 2147483647;
			files = (
			);
			inputFileListPaths = (
			);
			inputPaths = (
				"${PODS_PODFILE_DIR_PATH}/Podfile.lock",
				"${PODS_ROOT}/Manifest.lock",
			);
			name = "[CP] Check Pods Manifest.lock";
			outputFileListPaths = (
			);
			outputPaths = (
				"$(DERIVED_FILE_DIR)/Pods-QRcodeGenerator-QRcodeGeneratorUITests-checkManifestLockResult.txt",
			);
			runOnlyForDeploymentPostprocessing = 0;
			shellPath = /bin/sh;
			shellScript = "diff \"${PODS_PODFILE_DIR_PATH}/Podfile.lock\" \"${PODS_ROOT}/Manifest.lock\" > /dev/null\nif [ $? != 0 ] ; then\n    # print error to STDERR\n    echo \"error: The sandbox is not in sync with the Podfile.lock. Run 'pod install' or update your CocoaPods installation.\" >&2\n    exit 1\nfi\n# This output is used by Xcode 'outputs' to avoid re-running this script phase.\necho \"SUCCESS\" > \"${SCRIPT_OUTPUT_FILE_0}\"\n";
			showEnvVarsInLog = 0;
		};
		2633282A86E0BEC1CF5DFEE6 /* [CP] Check Pods Manifest.lock */ = {
			isa = PBXShellScriptBuildPhase;
			buildActionMask = 2147483647;
			files = (
			);
			inputFileListPaths = (
			);
			inputPaths = (
				"${PODS_PODFILE_DIR_PATH}/Podfile.lock",
				"${PODS_ROOT}/Manifest.lock",
			);
			name = "[CP] Check Pods Manifest.lock";
			outputFileListPaths = (
			);
			outputPaths = (
				"$(DERIVED_FILE_DIR)/Pods-QRcodeGenerator-checkManifestLockResult.txt",
			);
			runOnlyForDeploymentPostprocessing = 0;
			shellPath = /bin/sh;
			shellScript = "diff \"${PODS_PODFILE_DIR_PATH}/Podfile.lock\" \"${PODS_ROOT}/Manifest.lock\" > /dev/null\nif [ $? != 0 ] ; then\n    # print error to STDERR\n    echo \"error: The sandbox is not in sync with the Podfile.lock. Run 'pod install' or update your CocoaPods installation.\" >&2\n    exit 1\nfi\n# This output is used by Xcode 'outputs' to avoid re-running this script phase.\necho \"SUCCESS\" > \"${SCRIPT_OUTPUT_FILE_0}\"\n";
			showEnvVarsInLog = 0;
		};
		68C23919AC69C5929B1B52A2 /* [CP] Check Pods Manifest.lock */ = {
			isa = PBXShellScriptBuildPhase;
			buildActionMask = 2147483647;
			files = (
			);
			inputFileListPaths = (
			);
			inputPaths = (
				"${PODS_PODFILE_DIR_PATH}/Podfile.lock",
				"${PODS_ROOT}/Manifest.lock",
			);
			name = "[CP] Check Pods Manifest.lock";
			outputFileListPaths = (
			);
			outputPaths = (
				"$(DERIVED_FILE_DIR)/Pods-QRcodeGeneratorTests-checkManifestLockResult.txt",
			);
			runOnlyForDeploymentPostprocessing = 0;
			shellPath = /bin/sh;
			shellScript = "diff \"${PODS_PODFILE_DIR_PATH}/Podfile.lock\" \"${PODS_ROOT}/Manifest.lock\" > /dev/null\nif [ $? != 0 ] ; then\n    # print error to STDERR\n    echo \"error: The sandbox is not in sync with the Podfile.lock. Run 'pod install' or update your CocoaPods installation.\" >&2\n    exit 1\nfi\n# This output is used by Xcode 'outputs' to avoid re-running this script phase.\necho \"SUCCESS\" > \"${SCRIPT_OUTPUT_FILE_0}\"\n";
			showEnvVarsInLog = 0;
		};
		727F51D089EC4BFB4A8BA727 /* [CP] Embed Pods Frameworks */ = {
			isa = PBXShellScriptBuildPhase;
			buildActionMask = 2147483647;
			files = (
			);
			inputFileListPaths = (
				"${PODS_ROOT}/Target Support Files/Pods-QRcodeGenerator-QRcodeGeneratorUITests/Pods-QRcodeGenerator-QRcodeGeneratorUITests-frameworks-${CONFIGURATION}-input-files.xcfilelist",
			);
			name = "[CP] Embed Pods Frameworks";
			outputFileListPaths = (
				"${PODS_ROOT}/Target Support Files/Pods-QRcodeGenerator-QRcodeGeneratorUITests/Pods-QRcodeGenerator-QRcodeGeneratorUITests-frameworks-${CONFIGURATION}-output-files.xcfilelist",
			);
			runOnlyForDeploymentPostprocessing = 0;
			shellPath = /bin/sh;
			shellScript = "\"${PODS_ROOT}/Target Support Files/Pods-QRcodeGenerator-QRcodeGeneratorUITests/Pods-QRcodeGenerator-QRcodeGeneratorUITests-frameworks.sh\"\n";
			showEnvVarsInLog = 0;
		};
		FFFD3F098B40F19E9C9C5933 /* [CP] Embed Pods Frameworks */ = {
			isa = PBXShellScriptBuildPhase;
			buildActionMask = 2147483647;
			files = (
			);
			inputFileListPaths = (
				"${PODS_ROOT}/Target Support Files/Pods-QRcodeGenerator/Pods-QRcodeGenerator-frameworks-${CONFIGURATION}-input-files.xcfilelist",
			);
			name = "[CP] Embed Pods Frameworks";
			outputFileListPaths = (
				"${PODS_ROOT}/Target Support Files/Pods-QRcodeGenerator/Pods-QRcodeGenerator-frameworks-${CONFIGURATION}-output-files.xcfilelist",
			);
			runOnlyForDeploymentPostprocessing = 0;
			shellPath = /bin/sh;
			shellScript = "\"${PODS_ROOT}/Target Support Files/Pods-QRcodeGenerator/Pods-QRcodeGenerator-frameworks.sh\"\n";
			showEnvVarsInLog = 0;
		};
/* End PBXShellScriptBuildPhase section */

/* Begin PBXSourcesBuildPhase section */
		8E640DBA2528B872007FA9A0 /* Sources */ = {
			isa = PBXSourcesBuildPhase;
			buildActionMask = 2147483647;
			files = (
				8E640DC62528B873007FA9A0 /* ViewController.swift in Sources */,
				8E640DC22528B873007FA9A0 /* AppDelegate.swift in Sources */,
				8E640DC42528B873007FA9A0 /* SceneDelegate.swift in Sources */,
				76BEEBBC26259B9B00642001 /* BorderStyleCell.swift in Sources */,
				76BEEBB726259B7100642001 /* ColorCell.swift in Sources */,
				8EC308A5252FA52E00CD6A2E /* CreditViewController.swift in Sources */,
				76ECD34026720F6A002BC6D7 /* GlobalExtensions.swift in Sources */,
			);
			runOnlyForDeploymentPostprocessing = 0;
		};
		8E640DD02528B873007FA9A0 /* Sources */ = {
			isa = PBXSourcesBuildPhase;
			buildActionMask = 2147483647;
			files = (
				8E640DD92528B874007FA9A0 /* QRcodeGeneratorTests.swift in Sources */,
			);
			runOnlyForDeploymentPostprocessing = 0;
		};
		8E640DDB2528B874007FA9A0 /* Sources */ = {
			isa = PBXSourcesBuildPhase;
			buildActionMask = 2147483647;
			files = (
				8E640DE42528B874007FA9A0 /* QRcodeGeneratorUITests.swift in Sources */,
			);
			runOnlyForDeploymentPostprocessing = 0;
		};
/* End PBXSourcesBuildPhase section */

/* Begin PBXTargetDependency section */
		8E640DD62528B873007FA9A0 /* PBXTargetDependency */ = {
			isa = PBXTargetDependency;
			target = 8E640DBD2528B872007FA9A0 /* QRcodeGenerator */;
			targetProxy = 8E640DD52528B873007FA9A0 /* PBXContainerItemProxy */;
		};
		8E640DE12528B874007FA9A0 /* PBXTargetDependency */ = {
			isa = PBXTargetDependency;
			target = 8E640DBD2528B872007FA9A0 /* QRcodeGenerator */;
			targetProxy = 8E640DE02528B874007FA9A0 /* PBXContainerItemProxy */;
		};
/* End PBXTargetDependency section */

/* Begin PBXVariantGroup section */
		76ECD33C26720CBC002BC6D7 /* Localizable.strings */ = {
			isa = PBXVariantGroup;
			children = (
				76ECD33B26720CBC002BC6D7 /* ja */,
				76ECD33D26720CCE002BC6D7 /* ko-KR */,
				76ECD33E26720CCE002BC6D7 /* en */,
			);
			name = Localizable.strings;
			sourceTree = "<group>";
		};
		8E640DC72528B873007FA9A0 /* Main.storyboard */ = {
			isa = PBXVariantGroup;
			children = (
				8E640DC82528B873007FA9A0 /* Base */,
				76ECD334267209CB002BC6D7 /* ko-KR */,
				76ECD33626720A03002BC6D7 /* ja */,
			);
			name = Main.storyboard;
			sourceTree = "<group>";
		};
		8E640DCC2528B873007FA9A0 /* LaunchScreen.storyboard */ = {
			isa = PBXVariantGroup;
			children = (
				8E640DCD2528B873007FA9A0 /* Base */,
				76ECD335267209CC002BC6D7 /* ko-KR */,
				76ECD33726720A04002BC6D7 /* ja */,
			);
			name = LaunchScreen.storyboard;
			sourceTree = "<group>";
		};
/* End PBXVariantGroup section */

/* Begin XCBuildConfiguration section */
		8E640DE62528B874007FA9A0 /* Debug */ = {
			isa = XCBuildConfiguration;
			buildSettings = {
				ALWAYS_SEARCH_USER_PATHS = NO;
				CLANG_ANALYZER_LOCALIZABILITY_NONLOCALIZED = YES;
				CLANG_ANALYZER_NONNULL = YES;
				CLANG_ANALYZER_NUMBER_OBJECT_CONVERSION = YES_AGGRESSIVE;
				CLANG_CXX_LANGUAGE_STANDARD = "gnu++14";
				CLANG_CXX_LIBRARY = "libc++";
				CLANG_ENABLE_MODULES = YES;
				CLANG_ENABLE_OBJC_ARC = YES;
				CLANG_ENABLE_OBJC_WEAK = YES;
				CLANG_WARN_BLOCK_CAPTURE_AUTORELEASING = YES;
				CLANG_WARN_BOOL_CONVERSION = YES;
				CLANG_WARN_COMMA = YES;
				CLANG_WARN_CONSTANT_CONVERSION = YES;
				CLANG_WARN_DEPRECATED_OBJC_IMPLEMENTATIONS = YES;
				CLANG_WARN_DIRECT_OBJC_ISA_USAGE = YES_ERROR;
				CLANG_WARN_DOCUMENTATION_COMMENTS = YES;
				CLANG_WARN_EMPTY_BODY = YES;
				CLANG_WARN_ENUM_CONVERSION = YES;
				CLANG_WARN_INFINITE_RECURSION = YES;
				CLANG_WARN_INT_CONVERSION = YES;
				CLANG_WARN_NON_LITERAL_NULL_CONVERSION = YES;
				CLANG_WARN_OBJC_IMPLICIT_RETAIN_SELF = YES;
				CLANG_WARN_OBJC_LITERAL_CONVERSION = YES;
				CLANG_WARN_OBJC_ROOT_CLASS = YES_ERROR;
				CLANG_WARN_QUOTED_INCLUDE_IN_FRAMEWORK_HEADER = YES;
				CLANG_WARN_RANGE_LOOP_ANALYSIS = YES;
				CLANG_WARN_STRICT_PROTOTYPES = YES;
				CLANG_WARN_SUSPICIOUS_MOVE = YES;
				CLANG_WARN_UNGUARDED_AVAILABILITY = YES_AGGRESSIVE;
				CLANG_WARN_UNREACHABLE_CODE = YES;
				CLANG_WARN__DUPLICATE_METHOD_MATCH = YES;
				COPY_PHASE_STRIP = NO;
				DEBUG_INFORMATION_FORMAT = dwarf;
				ENABLE_STRICT_OBJC_MSGSEND = YES;
				ENABLE_TESTABILITY = YES;
				GCC_C_LANGUAGE_STANDARD = gnu11;
				GCC_DYNAMIC_NO_PIC = NO;
				GCC_NO_COMMON_BLOCKS = YES;
				GCC_OPTIMIZATION_LEVEL = 0;
				GCC_PREPROCESSOR_DEFINITIONS = (
					"DEBUG=1",
					"$(inherited)",
				);
				GCC_WARN_64_TO_32_BIT_CONVERSION = YES;
				GCC_WARN_ABOUT_RETURN_TYPE = YES_ERROR;
				GCC_WARN_UNDECLARED_SELECTOR = YES;
				GCC_WARN_UNINITIALIZED_AUTOS = YES_AGGRESSIVE;
				GCC_WARN_UNUSED_FUNCTION = YES;
				GCC_WARN_UNUSED_VARIABLE = YES;
				IPHONEOS_DEPLOYMENT_TARGET = 14.0;
				MTL_ENABLE_DEBUG_INFO = INCLUDE_SOURCE;
				MTL_FAST_MATH = YES;
				ONLY_ACTIVE_ARCH = YES;
				SDKROOT = iphoneos;
				SWIFT_ACTIVE_COMPILATION_CONDITIONS = DEBUG;
				SWIFT_OPTIMIZATION_LEVEL = "-Onone";
			};
			name = Debug;
		};
		8E640DE72528B874007FA9A0 /* Release */ = {
			isa = XCBuildConfiguration;
			buildSettings = {
				ALWAYS_SEARCH_USER_PATHS = NO;
				CLANG_ANALYZER_LOCALIZABILITY_NONLOCALIZED = YES;
				CLANG_ANALYZER_NONNULL = YES;
				CLANG_ANALYZER_NUMBER_OBJECT_CONVERSION = YES_AGGRESSIVE;
				CLANG_CXX_LANGUAGE_STANDARD = "gnu++14";
				CLANG_CXX_LIBRARY = "libc++";
				CLANG_ENABLE_MODULES = YES;
				CLANG_ENABLE_OBJC_ARC = YES;
				CLANG_ENABLE_OBJC_WEAK = YES;
				CLANG_WARN_BLOCK_CAPTURE_AUTORELEASING = YES;
				CLANG_WARN_BOOL_CONVERSION = YES;
				CLANG_WARN_COMMA = YES;
				CLANG_WARN_CONSTANT_CONVERSION = YES;
				CLANG_WARN_DEPRECATED_OBJC_IMPLEMENTATIONS = YES;
				CLANG_WARN_DIRECT_OBJC_ISA_USAGE = YES_ERROR;
				CLANG_WARN_DOCUMENTATION_COMMENTS = YES;
				CLANG_WARN_EMPTY_BODY = YES;
				CLANG_WARN_ENUM_CONVERSION = YES;
				CLANG_WARN_INFINITE_RECURSION = YES;
				CLANG_WARN_INT_CONVERSION = YES;
				CLANG_WARN_NON_LITERAL_NULL_CONVERSION = YES;
				CLANG_WARN_OBJC_IMPLICIT_RETAIN_SELF = YES;
				CLANG_WARN_OBJC_LITERAL_CONVERSION = YES;
				CLANG_WARN_OBJC_ROOT_CLASS = YES_ERROR;
				CLANG_WARN_QUOTED_INCLUDE_IN_FRAMEWORK_HEADER = YES;
				CLANG_WARN_RANGE_LOOP_ANALYSIS = YES;
				CLANG_WARN_STRICT_PROTOTYPES = YES;
				CLANG_WARN_SUSPICIOUS_MOVE = YES;
				CLANG_WARN_UNGUARDED_AVAILABILITY = YES_AGGRESSIVE;
				CLANG_WARN_UNREACHABLE_CODE = YES;
				CLANG_WARN__DUPLICATE_METHOD_MATCH = YES;
				COPY_PHASE_STRIP = NO;
				DEBUG_INFORMATION_FORMAT = "dwarf-with-dsym";
				ENABLE_NS_ASSERTIONS = NO;
				ENABLE_STRICT_OBJC_MSGSEND = YES;
				GCC_C_LANGUAGE_STANDARD = gnu11;
				GCC_NO_COMMON_BLOCKS = YES;
				GCC_WARN_64_TO_32_BIT_CONVERSION = YES;
				GCC_WARN_ABOUT_RETURN_TYPE = YES_ERROR;
				GCC_WARN_UNDECLARED_SELECTOR = YES;
				GCC_WARN_UNINITIALIZED_AUTOS = YES_AGGRESSIVE;
				GCC_WARN_UNUSED_FUNCTION = YES;
				GCC_WARN_UNUSED_VARIABLE = YES;
				IPHONEOS_DEPLOYMENT_TARGET = 14.0;
				MTL_ENABLE_DEBUG_INFO = NO;
				MTL_FAST_MATH = YES;
				SDKROOT = iphoneos;
				SWIFT_COMPILATION_MODE = wholemodule;
				SWIFT_OPTIMIZATION_LEVEL = "-O";
				VALIDATE_PRODUCT = YES;
			};
			name = Release;
		};
		8E640DE92528B874007FA9A0 /* Debug */ = {
			isa = XCBuildConfiguration;
			baseConfigurationReference = 97B427F4277FA9D1C15B48AC /* Pods-QRcodeGenerator.debug.xcconfig */;
			buildSettings = {
				ASSETCATALOG_COMPILER_APPICON_NAME = AppIcon;
				ASSETCATALOG_COMPILER_GLOBAL_ACCENT_COLOR_NAME = AccentColor;
				CODE_SIGN_STYLE = Automatic;
				CURRENT_PROJECT_VERSION = 13;
				DEVELOPMENT_TEAM = 497P4L97SV;
				INFOPLIST_FILE = QRcodeGenerator/Info.plist;
				IPHONEOS_DEPLOYMENT_TARGET = 14.0;
				LD_RUNPATH_SEARCH_PATHS = (
					"$(inherited)",
					"@executable_path/Frameworks",
				);
				MARKETING_VERSION = 1.3.0;
				PRODUCT_BUNDLE_IDENTIFIER = MuffinLabs.QRcodeGenerator;
				PRODUCT_NAME = "$(TARGET_NAME)";
				SWIFT_VERSION = 5.0;
				TARGETED_DEVICE_FAMILY = "1,2";
			};
			name = Debug;
		};
		8E640DEA2528B874007FA9A0 /* Release */ = {
			isa = XCBuildConfiguration;
			baseConfigurationReference = 8D2E86AE9F1E93D5DC42915F /* Pods-QRcodeGenerator.release.xcconfig */;
			buildSettings = {
				ASSETCATALOG_COMPILER_APPICON_NAME = AppIcon;
				ASSETCATALOG_COMPILER_GLOBAL_ACCENT_COLOR_NAME = AccentColor;
				CODE_SIGN_STYLE = Automatic;
				CURRENT_PROJECT_VERSION = 13;
				DEVELOPMENT_TEAM = 497P4L97SV;
				INFOPLIST_FILE = QRcodeGenerator/Info.plist;
				IPHONEOS_DEPLOYMENT_TARGET = 14.0;
				LD_RUNPATH_SEARCH_PATHS = (
					"$(inherited)",
					"@executable_path/Frameworks",
				);
				MARKETING_VERSION = 1.3.0;
				PRODUCT_BUNDLE_IDENTIFIER = MuffinLabs.QRcodeGenerator;
				PRODUCT_NAME = "$(TARGET_NAME)";
				SWIFT_VERSION = 5.0;
				TARGETED_DEVICE_FAMILY = "1,2";
			};
			name = Release;
		};
		8E640DEC2528B874007FA9A0 /* Debug */ = {
			isa = XCBuildConfiguration;
			baseConfigurationReference = 2010B7ECD009931D860ABC09 /* Pods-QRcodeGeneratorTests.debug.xcconfig */;
			buildSettings = {
				ALWAYS_EMBED_SWIFT_STANDARD_LIBRARIES = YES;
				BUNDLE_LOADER = "$(TEST_HOST)";
				CODE_SIGN_STYLE = Automatic;
				DEVELOPMENT_TEAM = 497P4L97SV;
				INFOPLIST_FILE = QRcodeGeneratorTests/Info.plist;
				IPHONEOS_DEPLOYMENT_TARGET = 14.0;
				LD_RUNPATH_SEARCH_PATHS = (
					"$(inherited)",
					"@executable_path/Frameworks",
					"@loader_path/Frameworks",
				);
				PRODUCT_BUNDLE_IDENTIFIER = MuffinLabs.QRcodeGeneratorTests;
				PRODUCT_NAME = "$(TARGET_NAME)";
				SWIFT_VERSION = 5.0;
				TARGETED_DEVICE_FAMILY = "1,2";
				TEST_HOST = "$(BUILT_PRODUCTS_DIR)/QRcodeGenerator.app/QRcodeGenerator";
			};
			name = Debug;
		};
		8E640DED2528B874007FA9A0 /* Release */ = {
			isa = XCBuildConfiguration;
			baseConfigurationReference = D2BAC88842376F9B96BC8D4B /* Pods-QRcodeGeneratorTests.release.xcconfig */;
			buildSettings = {
				ALWAYS_EMBED_SWIFT_STANDARD_LIBRARIES = YES;
				BUNDLE_LOADER = "$(TEST_HOST)";
				CODE_SIGN_STYLE = Automatic;
				DEVELOPMENT_TEAM = 497P4L97SV;
				INFOPLIST_FILE = QRcodeGeneratorTests/Info.plist;
				IPHONEOS_DEPLOYMENT_TARGET = 14.0;
				LD_RUNPATH_SEARCH_PATHS = (
					"$(inherited)",
					"@executable_path/Frameworks",
					"@loader_path/Frameworks",
				);
				PRODUCT_BUNDLE_IDENTIFIER = MuffinLabs.QRcodeGeneratorTests;
				PRODUCT_NAME = "$(TARGET_NAME)";
				SWIFT_VERSION = 5.0;
				TARGETED_DEVICE_FAMILY = "1,2";
				TEST_HOST = "$(BUILT_PRODUCTS_DIR)/QRcodeGenerator.app/QRcodeGenerator";
			};
			name = Release;
		};
		8E640DEF2528B874007FA9A0 /* Debug */ = {
			isa = XCBuildConfiguration;
			baseConfigurationReference = 2E7757E988EE7AF3EF954B12 /* Pods-QRcodeGenerator-QRcodeGeneratorUITests.debug.xcconfig */;
			buildSettings = {
				ALWAYS_EMBED_SWIFT_STANDARD_LIBRARIES = YES;
				CODE_SIGN_STYLE = Automatic;
				DEVELOPMENT_TEAM = 497P4L97SV;
				INFOPLIST_FILE = QRcodeGeneratorUITests/Info.plist;
				LD_RUNPATH_SEARCH_PATHS = (
					"$(inherited)",
					"@executable_path/Frameworks",
					"@loader_path/Frameworks",
				);
				PRODUCT_BUNDLE_IDENTIFIER = MuffinLabs.QRcodeGeneratorUITests;
				PRODUCT_NAME = "$(TARGET_NAME)";
				SWIFT_VERSION = 5.0;
				TARGETED_DEVICE_FAMILY = "1,2";
				TEST_TARGET_NAME = QRcodeGenerator;
			};
			name = Debug;
		};
		8E640DF02528B874007FA9A0 /* Release */ = {
			isa = XCBuildConfiguration;
			baseConfigurationReference = C500231809B3B0C872B2533B /* Pods-QRcodeGenerator-QRcodeGeneratorUITests.release.xcconfig */;
			buildSettings = {
				ALWAYS_EMBED_SWIFT_STANDARD_LIBRARIES = YES;
				CODE_SIGN_STYLE = Automatic;
				DEVELOPMENT_TEAM = 497P4L97SV;
				INFOPLIST_FILE = QRcodeGeneratorUITests/Info.plist;
				LD_RUNPATH_SEARCH_PATHS = (
					"$(inherited)",
					"@executable_path/Frameworks",
					"@loader_path/Frameworks",
				);
				PRODUCT_BUNDLE_IDENTIFIER = MuffinLabs.QRcodeGeneratorUITests;
				PRODUCT_NAME = "$(TARGET_NAME)";
				SWIFT_VERSION = 5.0;
				TARGETED_DEVICE_FAMILY = "1,2";
				TEST_TARGET_NAME = QRcodeGenerator;
			};
			name = Release;
		};
/* End XCBuildConfiguration section */

/* Begin XCConfigurationList section */
		8E640DB92528B872007FA9A0 /* Build configuration list for PBXProject "QRcodeGenerator" */ = {
			isa = XCConfigurationList;
			buildConfigurations = (
				8E640DE62528B874007FA9A0 /* Debug */,
				8E640DE72528B874007FA9A0 /* Release */,
			);
			defaultConfigurationIsVisible = 0;
			defaultConfigurationName = Release;
		};
		8E640DE82528B874007FA9A0 /* Build configuration list for PBXNativeTarget "QRcodeGenerator" */ = {
			isa = XCConfigurationList;
			buildConfigurations = (
				8E640DE92528B874007FA9A0 /* Debug */,
				8E640DEA2528B874007FA9A0 /* Release */,
			);
			defaultConfigurationIsVisible = 0;
			defaultConfigurationName = Release;
		};
		8E640DEB2528B874007FA9A0 /* Build configuration list for PBXNativeTarget "QRcodeGeneratorTests" */ = {
			isa = XCConfigurationList;
			buildConfigurations = (
				8E640DEC2528B874007FA9A0 /* Debug */,
				8E640DED2528B874007FA9A0 /* Release */,
			);
			defaultConfigurationIsVisible = 0;
			defaultConfigurationName = Release;
		};
		8E640DEE2528B874007FA9A0 /* Build configuration list for PBXNativeTarget "QRcodeGeneratorUITests" */ = {
			isa = XCConfigurationList;
			buildConfigurations = (
				8E640DEF2528B874007FA9A0 /* Debug */,
				8E640DF02528B874007FA9A0 /* Release */,
			);
			defaultConfigurationIsVisible = 0;
			defaultConfigurationName = Release;
		};
/* End XCConfigurationList section */
	};
	rootObject = 8E640DB62528B872007FA9A0 /* Project object */;
}
